
Microsoft Visual Studio Solution File, Format Version 12.00
# Visual Studio Version 17
VisualStudioVersion = 17.5.33627.172
MinimumVisualStudioVersion = 10.0.40219.1
Project("{9A19103F-16F7-4668-BE54-9A1E7A4F7556}") = "MediatRCQRS.Webapi", "MediatRCQRS\MediatRCQRS.Webapi.csproj", "{8C2AE964-863D-42CB-9079-0D289288DC03}"
EndProject
Project("{9A19103F-16F7-4668-BE54-9A1E7A4F7556}") = "MediatRCQRS.Webapi.Application", "MediatRCQRS.Webapi.Application\MediatRCQRS.Webapi.Application.csproj", "{71F1E842-73C8-428F-B9B1-E6C7F4451BEE}"
EndProject
Project("{9A19103F-16F7-4668-BE54-9A1E7A4F7556}") = "MediatRCQRS.Webapi.Core", "MediatRCQRS.Webapi.Core\MediatRCQRS.Webapi.Core.csproj", "{367EB901-026B-429E-86D6-913D4FE94EE3}"
EndProject
Project("{9A19103F-16F7-4668-BE54-9A1E7A4F7556}") = "MediatRCQRS.Webapi.newApp", "MediatRCQRS.Webapi.newApp\MediatRCQRS.Webapi.newApp.csproj", "{3E27557E-D8A6-4141-8A27-BDAB347AF6D0}"
EndProject
Project("{FAE04EC0-301F-11D3-BF4B-00C04F79EFBC}") = "MediatRCQRS.Webapi.Pipeline", "MediatRCQRS.Webapi.Pipeline\MediatRCQRS.Webapi.Pipeline.csproj", "{2C7FA3A0-30E3-4417-935F-AF3AF4DBCA92}"
EndProject
Global
	GlobalSection(SolutionConfigurationPlatforms) = preSolution
		Debug|Any CPU = Debug|Any CPU
		Debug|ARM = Debug|ARM
		Debug|ARM64 = Debug|ARM64
		Debug|x64 = Debug|x64
		Debug|x86 = Debug|x86
		Release|Any CPU = Release|Any CPU
		Release|ARM = Release|ARM
		Release|ARM64 = Release|ARM64
		Release|x64 = Release|x64
		Release|x86 = Release|x86
	EndGlobalSection
	GlobalSection(ProjectConfigurationPlatforms) = postSolution
		{8C2AE964-863D-42CB-9079-0D289288DC03}.Debug|Any CPU.ActiveCfg = Debug|Any CPU
		{8C2AE964-863D-42CB-9079-0D289288DC03}.Debug|Any CPU.Build.0 = Debug|Any CPU
		{8C2AE964-863D-42CB-9079-0D289288DC03}.Debug|ARM.ActiveCfg = Debug|Any CPU
		{8C2AE964-863D-42CB-9079-0D289288DC03}.Debug|ARM.Build.0 = Debug|Any CPU
		{8C2AE964-863D-42CB-9079-0D289288DC03}.Debug|ARM64.ActiveCfg = Debug|Any CPU
		{8C2AE964-863D-42CB-9079-0D289288DC03}.Debug|ARM64.Build.0 = Debug|Any CPU
		{8C2AE964-863D-42CB-9079-0D289288DC03}.Debug|x64.ActiveCfg = Debug|Any CPU
		{8C2AE964-863D-42CB-9079-0D289288DC03}.Debug|x64.Build.0 = Debug|Any CPU
		{8C2AE964-863D-42CB-9079-0D289288DC03}.Debug|x86.ActiveCfg = Debug|Any CPU
		{8C2AE964-863D-42CB-9079-0D289288DC03}.Debug|x86.Build.0 = Debug|Any CPU
		{8C2AE964-863D-42CB-9079-0D289288DC03}.Release|Any CPU.ActiveCfg = Release|Any CPU
		{8C2AE964-863D-42CB-9079-0D289288DC03}.Release|Any CPU.Build.0 = Release|Any CPU
		{8C2AE964-863D-42CB-9079-0D289288DC03}.Release|ARM.ActiveCfg = Release|Any CPU
		{8C2AE964-863D-42CB-9079-0D289288DC03}.Release|ARM.Build.0 = Release|Any CPU
		{8C2AE964-863D-42CB-9079-0D289288DC03}.Release|ARM64.ActiveCfg = Release|Any CPU
		{8C2AE964-863D-42CB-9079-0D289288DC03}.Release|ARM64.Build.0 = Release|Any CPU
		{8C2AE964-863D-42CB-9079-0D289288DC03}.Release|x64.ActiveCfg = Release|Any CPU
		{8C2AE964-863D-42CB-9079-0D289288DC03}.Release|x64.Build.0 = Release|Any CPU
		{8C2AE964-863D-42CB-9079-0D289288DC03}.Release|x86.ActiveCfg = Release|Any CPU
		{8C2AE964-863D-42CB-9079-0D289288DC03}.Release|x86.Build.0 = Release|Any CPU
		{71F1E842-73C8-428F-B9B1-E6C7F4451BEE}.Debug|Any CPU.ActiveCfg = Debug|Any CPU
		{71F1E842-73C8-428F-B9B1-E6C7F4451BEE}.Debug|Any CPU.Build.0 = Debug|Any CPU
		{71F1E842-73C8-428F-B9B1-E6C7F4451BEE}.Debug|ARM.ActiveCfg = Debug|Any CPU
		{71F1E842-73C8-428F-B9B1-E6C7F4451BEE}.Debug|ARM.Build.0 = Debug|Any CPU
		{71F1E842-73C8-428F-B9B1-E6C7F4451BEE}.Debug|ARM64.ActiveCfg = Debug|Any CPU
		{71F1E842-73C8-428F-B9B1-E6C7F4451BEE}.Debug|ARM64.Build.0 = Debug|Any CPU
		{71F1E842-73C8-428F-B9B1-E6C7F4451BEE}.Debug|x64.ActiveCfg = Debug|Any CPU
		{71F1E842-73C8-428F-B9B1-E6C7F4451BEE}.Debug|x64.Build.0 = Debug|Any CPU
		{71F1E842-73C8-428F-B9B1-E6C7F4451BEE}.Debug|x86.ActiveCfg = Debug|Any CPU
		{71F1E842-73C8-428F-B9B1-E6C7F4451BEE}.Debug|x86.Build.0 = Debug|Any CPU
		{71F1E842-73C8-428F-B9B1-E6C7F4451BEE}.Release|Any CPU.ActiveCfg = Release|Any CPU
		{71F1E842-73C8-428F-B9B1-E6C7F4451BEE}.Release|Any CPU.Build.0 = Release|Any CPU
		{71F1E842-73C8-428F-B9B1-E6C7F4451BEE}.Release|ARM.ActiveCfg = Release|Any CPU
		{71F1E842-73C8-428F-B9B1-E6C7F4451BEE}.Release|ARM.Build.0 = Release|Any CPU
		{71F1E842-73C8-428F-B9B1-E6C7F4451BEE}.Release|ARM64.ActiveCfg = Release|Any CPU
		{71F1E842-73C8-428F-B9B1-E6C7F4451BEE}.Release|ARM64.Build.0 = Release|Any CPU
		{71F1E842-73C8-428F-B9B1-E6C7F4451BEE}.Release|x64.ActiveCfg = Release|Any CPU
		{71F1E842-73C8-428F-B9B1-E6C7F4451BEE}.Release|x64.Build.0 = Release|Any CPU
		{71F1E842-73C8-428F-B9B1-E6C7F4451BEE}.Release|x86.ActiveCfg = Release|Any CPU
		{71F1E842-73C8-428F-B9B1-E6C7F4451BEE}.Release|x86.Build.0 = Release|Any CPU
		{367EB901-026B-429E-86D6-913D4FE94EE3}.Debug|Any CPU.ActiveCfg = Debug|Any CPU
		{367EB901-026B-429E-86D6-913D4FE94EE3}.Debug|Any CPU.Build.0 = Debug|Any CPU
		{367EB901-026B-429E-86D6-913D4FE94EE3}.Debug|ARM.ActiveCfg = Debug|Any CPU
		{367EB901-026B-429E-86D6-913D4FE94EE3}.Debug|ARM.Build.0 = Debug|Any CPU
		{367EB901-026B-429E-86D6-913D4FE94EE3}.Debug|ARM64.ActiveCfg = Debug|Any CPU
		{367EB901-026B-429E-86D6-913D4FE94EE3}.Debug|ARM64.Build.0 = Debug|Any CPU
		{367EB901-026B-429E-86D6-913D4FE94EE3}.Debug|x64.ActiveCfg = Debug|Any CPU
		{367EB901-026B-429E-86D6-913D4FE94EE3}.Debug|x64.Build.0 = Debug|Any CPU
		{367EB901-026B-429E-86D6-913D4FE94EE3}.Debug|x86.ActiveCfg = Debug|Any CPU
		{367EB901-026B-429E-86D6-913D4FE94EE3}.Debug|x86.Build.0 = Debug|Any CPU
		{367EB901-026B-429E-86D6-913D4FE94EE3}.Release|Any CPU.ActiveCfg = Release|Any CPU
		{367EB901-026B-429E-86D6-913D4FE94EE3}.Release|Any CPU.Build.0 = Release|Any CPU
		{367EB901-026B-429E-86D6-913D4FE94EE3}.Release|ARM.ActiveCfg = Release|Any CPU
		{367EB901-026B-429E-86D6-913D4FE94EE3}.Release|ARM.Build.0 = Release|Any CPU
		{367EB901-026B-429E-86D6-913D4FE94EE3}.Release|ARM64.ActiveCfg = Release|Any CPU
		{367EB901-026B-429E-86D6-913D4FE94EE3}.Release|ARM64.Build.0 = Release|Any CPU
		{367EB901-026B-429E-86D6-913D4FE94EE3}.Release|x64.ActiveCfg = Release|Any CPU
		{367EB901-026B-429E-86D6-913D4FE94EE3}.Release|x64.Build.0 = Release|Any CPU
		{367EB901-026B-429E-86D6-913D4FE94EE3}.Release|x86.ActiveCfg = Release|Any CPU
		{367EB901-026B-429E-86D6-913D4FE94EE3}.Release|x86.Build.0 = Release|Any CPU
		{3E27557E-D8A6-4141-8A27-BDAB347AF6D0}.Debug|Any CPU.ActiveCfg = Debug|Any CPU
		{3E27557E-D8A6-4141-8A27-BDAB347AF6D0}.Debug|Any CPU.Build.0 = Debug|Any CPU
		{3E27557E-D8A6-4141-8A27-BDAB347AF6D0}.Debug|ARM.ActiveCfg = Debug|Any CPU
		{3E27557E-D8A6-4141-8A27-BDAB347AF6D0}.Debug|ARM.Build.0 = Debug|Any CPU
		{3E27557E-D8A6-4141-8A27-BDAB347AF6D0}.Debug|ARM64.ActiveCfg = Debug|Any CPU
		{3E27557E-D8A6-4141-8A27-BDAB347AF6D0}.Debug|ARM64.Build.0 = Debug|Any CPU
		{3E27557E-D8A6-4141-8A27-BDAB347AF6D0}.Debug|x64.ActiveCfg = Debug|Any CPU
		{3E27557E-D8A6-4141-8A27-BDAB347AF6D0}.Debug|x64.Build.0 = Debug|Any CPU
		{3E27557E-D8A6-4141-8A27-BDAB347AF6D0}.Debug|x86.ActiveCfg = Debug|Any CPU
		{3E27557E-D8A6-4141-8A27-BDAB347AF6D0}.Debug|x86.Build.0 = Debug|Any CPU
		{3E27557E-D8A6-4141-8A27-BDAB347AF6D0}.Release|Any CPU.ActiveCfg = Release|Any CPU
		{3E27557E-D8A6-4141-8A27-BDAB347AF6D0}.Release|Any CPU.Build.0 = Release|Any CPU
		{3E27557E-D8A6-4141-8A27-BDAB347AF6D0}.Release|ARM.ActiveCfg = Release|Any CPU
		{3E27557E-D8A6-4141-8A27-BDAB347AF6D0}.Release|ARM.Build.0 = Release|Any CPU
		{3E27557E-D8A6-4141-8A27-BDAB347AF6D0}.Release|ARM64.ActiveCfg = Release|Any CPU
		{3E27557E-D8A6-4141-8A27-BDAB347AF6D0}.Release|ARM64.Build.0 = Release|Any CPU
		{3E27557E-D8A6-4141-8A27-BDAB347AF6D0}.Release|x64.ActiveCfg = Release|Any CPU
		{3E27557E-D8A6-4141-8A27-BDAB347AF6D0}.Release|x64.Build.0 = Release|Any CPU
		{3E27557E-D8A6-4141-8A27-BDAB347AF6D0}.Release|x86.ActiveCfg = Release|Any CPU
		{3E27557E-D8A6-4141-8A27-BDAB347AF6D0}.Release|x86.Build.0 = Release|Any CPU
		{2C7FA3A0-30E3-4417-935F-AF3AF4DBCA92}.Debug|Any CPU.ActiveCfg = Debug|Any CPU
		{2C7FA3A0-30E3-4417-935F-AF3AF4DBCA92}.Debug|Any CPU.Build.0 = Debug|Any CPU
		{2C7FA3A0-30E3-4417-935F-AF3AF4DBCA92}.Debug|ARM.ActiveCfg = Debug|Any CPU
		{2C7FA3A0-30E3-4417-935F-AF3AF4DBCA92}.Debug|ARM.Build.0 = Debug|Any CPU
		{2C7FA3A0-30E3-4417-935F-AF3AF4DBCA92}.Debug|ARM64.ActiveCfg = Debug|Any CPU
		{2C7FA3A0-30E3-4417-935F-AF3AF4DBCA92}.Debug|ARM64.Build.0 = Debug|Any CPU
		{2C7FA3A0-30E3-4417-935F-AF3AF4DBCA92}.Debug|x64.ActiveCfg = Debug|Any CPU
		{2C7FA3A0-30E3-4417-935F-AF3AF4DBCA92}.Debug|x64.Build.0 = Debug|Any CPU
		{2C7FA3A0-30E3-4417-935F-AF3AF4DBCA92}.Debug|x86.ActiveCfg = Debug|Any CPU
		{2C7FA3A0-30E3-4417-935F-AF3AF4DBCA92}.Debug|x86.Build.0 = Debug|Any CPU
		{2C7FA3A0-30E3-4417-935F-AF3AF4DBCA92}.Release|Any CPU.ActiveCfg = Release|Any CPU
		{2C7FA3A0-30E3-4417-935F-AF3AF4DBCA92}.Release|Any CPU.Build.0 = Release|Any CPU
		{2C7FA3A0-30E3-4417-935F-AF3AF4DBCA92}.Release|ARM.ActiveCfg = Release|Any CPU
		{2C7FA3A0-30E3-4417-935F-AF3AF4DBCA92}.Release|ARM.Build.0 = Release|Any CPU
		{2C7FA3A0-30E3-4417-935F-AF3AF4DBCA92}.Release|ARM64.ActiveCfg = Release|Any CPU
		{2C7FA3A0-30E3-4417-935F-AF3AF4DBCA92}.Release|ARM64.Build.0 = Release|Any CPU
		{2C7FA3A0-30E3-4417-935F-AF3AF4DBCA92}.Release|x64.ActiveCfg = Release|Any CPU
		{2C7FA3A0-30E3-4417-935F-AF3AF4DBCA92}.Release|x64.Build.0 = Release|Any CPU
		{2C7FA3A0-30E3-4417-935F-AF3AF4DBCA92}.Release|x86.ActiveCfg = Release|Any CPU
		{2C7FA3A0-30E3-4417-935F-AF3AF4DBCA92}.Release|x86.Build.0 = Release|Any CPU
	EndGlobalSection
	GlobalSection(SolutionProperties) = preSolution
		HideSolutionNode = FALSE
	EndGlobalSection
	GlobalSection(ExtensibilityGlobals) = postSolution
		SolutionGuid = {21167D28-1BE4-4C25-BCEB-58D9695C550B}
	EndGlobalSection
EndGlobal
